
Microsoft Visual Studio Solution File, Format Version 12.00
# Visual Studio Version 17
VisualStudioVersion = 17.11.35219.272
MinimumVisualStudioVersion = 10.0.40219.1
Project("{FAE04EC0-301F-11D3-BF4B-00C04F79EFBC}") = "StudentRecordz", "StudentRecordz\StudentRecordz.csproj", "{387E1D7D-D0ED-4FC0-8B42-2D3E8788D535}"
EndProject
Global
	GlobalSection(SolutionConfigurationPlatforms) = preSolution
		Debug|Any CPU = Debug|Any CPU
		Release|Any CPU = Release|Any CPU
	EndGlobalSection
	GlobalSection(ProjectConfigurationPlatforms) = postSolution
		{387E1D7D-D0ED-4FC0-8B42-2D3E8788D535}.Debug|Any CPU.ActiveCfg = Debug|Any CPU
		{387E1D7D-D0ED-4FC0-8B42-2D3E8788D535}.Debug|Any CPU.Build.0 = Debug|Any CPU
		{387E1D7D-D0ED-4FC0-8B42-2D3E8788D535}.Release|Any CPU.ActiveCfg = Release|Any CPU
		{387E1D7D-D0ED-4FC0-8B42-2D3E8788D535}.Release|Any CPU.Build.0 = Release|Any CPU
	EndGlobalSection
	GlobalSection(SolutionProperties) = preSolution
		HideSolutionNode = FALSE
	EndGlobalSection
	GlobalSection(ExtensibilityGlobals) = postSolution
		SolutionGuid = {44E72D04-6D3C-4072-8DD5-873032A37AFA}
	EndGlobalSection
EndGlobal
